
Microsoft Visual Studio Solution File, Format Version 12.00
# Visual Studio Version 17
VisualStudioVersion = 17.8.34316.72
MinimumVisualStudioVersion = 10.0.40219.1
Project("{9A19103F-16F7-4668-BE54-9A1E7A4F7556}") = "OpticaSurinV2", "OpticaSurinV2.csproj", "{625203E2-FFF5-4E9E-AF8D-AAFF23AE772F}"
EndProject
Global
	GlobalSection(SolutionConfigurationPlatforms) = preSolution
		Debug|Any CPU = Debug|Any CPU
		Release|Any CPU = Release|Any CPU
	EndGlobalSection
	GlobalSection(ProjectConfigurationPlatforms) = postSolution
		{625203E2-FFF5-4E9E-AF8D-AAFF23AE772F}.Debug|Any CPU.ActiveCfg = Debug|Any CPU
		{625203E2-FFF5-4E9E-AF8D-AAFF23AE772F}.Debug|Any CPU.Build.0 = Debug|Any CPU
		{625203E2-FFF5-4E9E-AF8D-AAFF23AE772F}.Release|Any CPU.ActiveCfg = Release|Any CPU
		{625203E2-FFF5-4E9E-AF8D-AAFF23AE772F}.Release|Any CPU.Build.0 = Release|Any CPU
	EndGlobalSection
	GlobalSection(SolutionProperties) = preSolution
		HideSolutionNode = FALSE
	EndGlobalSection
	GlobalSection(ExtensibilityGlobals) = postSolution
		SolutionGuid = {7562C684-AFC2-4930-9198-2DA91B189F3C}
	EndGlobalSection
EndGlobal
